
Microsoft Visual Studio Solution File, Format Version 12.00
# Visual Studio Version 16
VisualStudioVersion = 16.0.31005.135
MinimumVisualStudioVersion = 10.0.40219.1
Project("{FAE04EC0-301F-11D3-BF4B-00C04F79EFBC}") = "Forma1", "Forma1\Forma1.csproj", "{2B66BF5E-4870-43BE-B561-40E6668E212C}"
EndProject
Global
	GlobalSection(SolutionConfigurationPlatforms) = preSolution
		Debug|Any CPU = Debug|Any CPU
		Release|Any CPU = Release|Any CPU
	EndGlobalSection
	GlobalSection(ProjectConfigurationPlatforms) = postSolution
		{2B66BF5E-4870-43BE-B561-40E6668E212C}.Debug|Any CPU.ActiveCfg = Debug|Any CPU
		{2B66BF5E-4870-43BE-B561-40E6668E212C}.Debug|Any CPU.Build.0 = Debug|Any CPU
		{2B66BF5E-4870-43BE-B561-40E6668E212C}.Release|Any CPU.ActiveCfg = Release|Any CPU
		{2B66BF5E-4870-43BE-B561-40E6668E212C}.Release|Any CPU.Build.0 = Release|Any CPU
	EndGlobalSection
	GlobalSection(SolutionProperties) = preSolution
		HideSolutionNode = FALSE
	EndGlobalSection
	GlobalSection(ExtensibilityGlobals) = postSolution
		SolutionGuid = {FBAB6BFD-C6EE-4FDC-B089-22EF7FD3E2D0}
	EndGlobalSection
EndGlobal
